
Microsoft Visual Studio Solution File, Format Version 12.00
# Visual Studio Version 16
VisualStudioVersion = 16.0.30002.166
MinimumVisualStudioVersion = 10.0.40219.1
Project("{FAE04EC0-301F-11D3-BF4B-00C04F79EFBC}") = "Example_C_Sharp2", "Example_C_Sharp2.csproj", "{F16E29A1-0F3C-4197-8CE9-E38EA952B000}"
EndProject
Global
	GlobalSection(SolutionConfigurationPlatforms) = preSolution
		Debug|Any CPU = Debug|Any CPU
		Release|Any CPU = Release|Any CPU
	EndGlobalSection
	GlobalSection(ProjectConfigurationPlatforms) = postSolution
		{F16E29A1-0F3C-4197-8CE9-E38EA952B000}.Debug|Any CPU.ActiveCfg = Debug|Any CPU
		{F16E29A1-0F3C-4197-8CE9-E38EA952B000}.Debug|Any CPU.Build.0 = Debug|Any CPU
		{F16E29A1-0F3C-4197-8CE9-E38EA952B000}.Release|Any CPU.ActiveCfg = Release|Any CPU
		{F16E29A1-0F3C-4197-8CE9-E38EA952B000}.Release|Any CPU.Build.0 = Release|Any CPU
	EndGlobalSection
	GlobalSection(SolutionProperties) = preSolution
		HideSolutionNode = FALSE
	EndGlobalSection
	GlobalSection(ExtensibilityGlobals) = postSolution
		SolutionGuid = {2E5A7B8C-97B9-441C-865A-ACD58CF8455E}
	EndGlobalSection
EndGlobal
