
Microsoft Visual Studio Solution File, Format Version 12.00
# Visual Studio Version 16
VisualStudioVersion = 16.0.30002.166
MinimumVisualStudioVersion = 10.0.40219.1
Project("{FAE04EC0-301F-11D3-BF4B-00C04F79EFBC}") = "Example_C_sharp1", "Example_C_sharp1.csproj", "{C132E91E-DD77-461A-B871-6153D904AA3B}"
EndProject
Global
	GlobalSection(SolutionConfigurationPlatforms) = preSolution
		Debug|Any CPU = Debug|Any CPU
		Release|Any CPU = Release|Any CPU
	EndGlobalSection
	GlobalSection(ProjectConfigurationPlatforms) = postSolution
		{C132E91E-DD77-461A-B871-6153D904AA3B}.Debug|Any CPU.ActiveCfg = Debug|Any CPU
		{C132E91E-DD77-461A-B871-6153D904AA3B}.Debug|Any CPU.Build.0 = Debug|Any CPU
		{C132E91E-DD77-461A-B871-6153D904AA3B}.Release|Any CPU.ActiveCfg = Release|Any CPU
		{C132E91E-DD77-461A-B871-6153D904AA3B}.Release|Any CPU.Build.0 = Release|Any CPU
	EndGlobalSection
	GlobalSection(SolutionProperties) = preSolution
		HideSolutionNode = FALSE
	EndGlobalSection
	GlobalSection(ExtensibilityGlobals) = postSolution
		SolutionGuid = {65E8936B-F5E8-4A05-B48E-F1EC92F97B4E}
	EndGlobalSection
EndGlobal
